
Microsoft Visual Studio Solution File, Format Version 12.00
# Visual Studio 15
VisualStudioVersion = 15.0.28010.2048
MinimumVisualStudioVersion = 10.0.40219.1
Project("{8BC9CEB8-8B4A-11D0-8D11-00A0C91BC942}") = "practise7_43", "practise7_43\practise7_43.vcxproj", "{5ACEA9BB-7CEA-4FD6-9AB8-A4FF3D00FBE5}"
EndProject
Global
	GlobalSection(SolutionConfigurationPlatforms) = preSolution
		Debug|x64 = Debug|x64
		Debug|x86 = Debug|x86
		Release|x64 = Release|x64
		Release|x86 = Release|x86
	EndGlobalSection
	GlobalSection(ProjectConfigurationPlatforms) = postSolution
		{5ACEA9BB-7CEA-4FD6-9AB8-A4FF3D00FBE5}.Debug|x64.ActiveCfg = Debug|x64
		{5ACEA9BB-7CEA-4FD6-9AB8-A4FF3D00FBE5}.Debug|x64.Build.0 = Debug|x64
		{5ACEA9BB-7CEA-4FD6-9AB8-A4FF3D00FBE5}.Debug|x86.ActiveCfg = Debug|Win32
		{5ACEA9BB-7CEA-4FD6-9AB8-A4FF3D00FBE5}.Debug|x86.Build.0 = Debug|Win32
		{5ACEA9BB-7CEA-4FD6-9AB8-A4FF3D00FBE5}.Release|x64.ActiveCfg = Release|x64
		{5ACEA9BB-7CEA-4FD6-9AB8-A4FF3D00FBE5}.Release|x64.Build.0 = Release|x64
		{5ACEA9BB-7CEA-4FD6-9AB8-A4FF3D00FBE5}.Release|x86.ActiveCfg = Release|Win32
		{5ACEA9BB-7CEA-4FD6-9AB8-A4FF3D00FBE5}.Release|x86.Build.0 = Release|Win32
	EndGlobalSection
	GlobalSection(SolutionProperties) = preSolution
		HideSolutionNode = FALSE
	EndGlobalSection
	GlobalSection(ExtensibilityGlobals) = postSolution
		SolutionGuid = {A3B24666-9E20-4562-90DA-61173844B1E4}
	EndGlobalSection
EndGlobal
