
Microsoft Visual Studio Solution File, Format Version 12.00
# Visual Studio 15
VisualStudioVersion = 15.0.28010.2048
MinimumVisualStudioVersion = 10.0.40219.1
Project("{8BC9CEB8-8B4A-11D0-8D11-00A0C91BC942}") = "practise4_18", "practise4_18\practise4_18.vcxproj", "{EAA80A8E-651A-48C2-A412-834E47F41DF3}"
EndProject
Global
	GlobalSection(SolutionConfigurationPlatforms) = preSolution
		Debug|x64 = Debug|x64
		Debug|x86 = Debug|x86
		Release|x64 = Release|x64
		Release|x86 = Release|x86
	EndGlobalSection
	GlobalSection(ProjectConfigurationPlatforms) = postSolution
		{EAA80A8E-651A-48C2-A412-834E47F41DF3}.Debug|x64.ActiveCfg = Debug|x64
		{EAA80A8E-651A-48C2-A412-834E47F41DF3}.Debug|x64.Build.0 = Debug|x64
		{EAA80A8E-651A-48C2-A412-834E47F41DF3}.Debug|x86.ActiveCfg = Debug|Win32
		{EAA80A8E-651A-48C2-A412-834E47F41DF3}.Debug|x86.Build.0 = Debug|Win32
		{EAA80A8E-651A-48C2-A412-834E47F41DF3}.Release|x64.ActiveCfg = Release|x64
		{EAA80A8E-651A-48C2-A412-834E47F41DF3}.Release|x64.Build.0 = Release|x64
		{EAA80A8E-651A-48C2-A412-834E47F41DF3}.Release|x86.ActiveCfg = Release|Win32
		{EAA80A8E-651A-48C2-A412-834E47F41DF3}.Release|x86.Build.0 = Release|Win32
	EndGlobalSection
	GlobalSection(SolutionProperties) = preSolution
		HideSolutionNode = FALSE
	EndGlobalSection
	GlobalSection(ExtensibilityGlobals) = postSolution
		SolutionGuid = {61C2512E-A7A3-4C1C-BB74-BBC6117CEE8E}
	EndGlobalSection
EndGlobal
