
Microsoft Visual Studio Solution File, Format Version 12.00
# Visual Studio 15
VisualStudioVersion = 15.0.28010.2048
MinimumVisualStudioVersion = 10.0.40219.1
Project("{8BC9CEB8-8B4A-11D0-8D11-00A0C91BC942}") = "Chapter15_1", "Chapter15_1\Chapter15_1.vcxproj", "{C436162D-065B-423C-BF77-437651B4CAAB}"
EndProject
Global
	GlobalSection(SolutionConfigurationPlatforms) = preSolution
		Debug|x64 = Debug|x64
		Debug|x86 = Debug|x86
		Release|x64 = Release|x64
		Release|x86 = Release|x86
	EndGlobalSection
	GlobalSection(ProjectConfigurationPlatforms) = postSolution
		{C436162D-065B-423C-BF77-437651B4CAAB}.Debug|x64.ActiveCfg = Debug|x64
		{C436162D-065B-423C-BF77-437651B4CAAB}.Debug|x64.Build.0 = Debug|x64
		{C436162D-065B-423C-BF77-437651B4CAAB}.Debug|x86.ActiveCfg = Debug|Win32
		{C436162D-065B-423C-BF77-437651B4CAAB}.Debug|x86.Build.0 = Debug|Win32
		{C436162D-065B-423C-BF77-437651B4CAAB}.Release|x64.ActiveCfg = Release|x64
		{C436162D-065B-423C-BF77-437651B4CAAB}.Release|x64.Build.0 = Release|x64
		{C436162D-065B-423C-BF77-437651B4CAAB}.Release|x86.ActiveCfg = Release|Win32
		{C436162D-065B-423C-BF77-437651B4CAAB}.Release|x86.Build.0 = Release|Win32
	EndGlobalSection
	GlobalSection(SolutionProperties) = preSolution
		HideSolutionNode = FALSE
	EndGlobalSection
	GlobalSection(ExtensibilityGlobals) = postSolution
		SolutionGuid = {C83DF28A-7CFD-4146-91D7-91C2B86F6C83}
	EndGlobalSection
EndGlobal
