
Microsoft Visual Studio Solution File, Format Version 12.00
# Visual Studio 15
VisualStudioVersion = 15.0.28010.2048
MinimumVisualStudioVersion = 10.0.40219.1
Project("{8BC9CEB8-8B4A-11D0-8D11-00A0C91BC942}") = "practise3_24", "practise3_24\practise3_24.vcxproj", "{EADB2E88-B011-4B9B-9C4D-FE1920C22F94}"
EndProject
Global
	GlobalSection(SolutionConfigurationPlatforms) = preSolution
		Debug|x64 = Debug|x64
		Debug|x86 = Debug|x86
		Release|x64 = Release|x64
		Release|x86 = Release|x86
	EndGlobalSection
	GlobalSection(ProjectConfigurationPlatforms) = postSolution
		{EADB2E88-B011-4B9B-9C4D-FE1920C22F94}.Debug|x64.ActiveCfg = Debug|x64
		{EADB2E88-B011-4B9B-9C4D-FE1920C22F94}.Debug|x64.Build.0 = Debug|x64
		{EADB2E88-B011-4B9B-9C4D-FE1920C22F94}.Debug|x86.ActiveCfg = Debug|Win32
		{EADB2E88-B011-4B9B-9C4D-FE1920C22F94}.Debug|x86.Build.0 = Debug|Win32
		{EADB2E88-B011-4B9B-9C4D-FE1920C22F94}.Release|x64.ActiveCfg = Release|x64
		{EADB2E88-B011-4B9B-9C4D-FE1920C22F94}.Release|x64.Build.0 = Release|x64
		{EADB2E88-B011-4B9B-9C4D-FE1920C22F94}.Release|x86.ActiveCfg = Release|Win32
		{EADB2E88-B011-4B9B-9C4D-FE1920C22F94}.Release|x86.Build.0 = Release|Win32
	EndGlobalSection
	GlobalSection(SolutionProperties) = preSolution
		HideSolutionNode = FALSE
	EndGlobalSection
	GlobalSection(ExtensibilityGlobals) = postSolution
		SolutionGuid = {E4F4EBA1-2A4E-4676-85AF-846F9B2B431E}
	EndGlobalSection
EndGlobal
