
Microsoft Visual Studio Solution File, Format Version 12.00
# Visual Studio 15
VisualStudioVersion = 15.0.28010.2048
MinimumVisualStudioVersion = 10.0.40219.1
Project("{8BC9CEB8-8B4A-11D0-8D11-00A0C91BC942}") = "Chapter15_7_3", "Chapter15_7_3\Chapter15_7_3.vcxproj", "{AEF5FC0A-84B9-40F6-B1A9-BFDE1E0521C1}"
EndProject
Global
	GlobalSection(SolutionConfigurationPlatforms) = preSolution
		Debug|x64 = Debug|x64
		Debug|x86 = Debug|x86
		Release|x64 = Release|x64
		Release|x86 = Release|x86
	EndGlobalSection
	GlobalSection(ProjectConfigurationPlatforms) = postSolution
		{AEF5FC0A-84B9-40F6-B1A9-BFDE1E0521C1}.Debug|x64.ActiveCfg = Debug|x64
		{AEF5FC0A-84B9-40F6-B1A9-BFDE1E0521C1}.Debug|x64.Build.0 = Debug|x64
		{AEF5FC0A-84B9-40F6-B1A9-BFDE1E0521C1}.Debug|x86.ActiveCfg = Debug|Win32
		{AEF5FC0A-84B9-40F6-B1A9-BFDE1E0521C1}.Debug|x86.Build.0 = Debug|Win32
		{AEF5FC0A-84B9-40F6-B1A9-BFDE1E0521C1}.Release|x64.ActiveCfg = Release|x64
		{AEF5FC0A-84B9-40F6-B1A9-BFDE1E0521C1}.Release|x64.Build.0 = Release|x64
		{AEF5FC0A-84B9-40F6-B1A9-BFDE1E0521C1}.Release|x86.ActiveCfg = Release|Win32
		{AEF5FC0A-84B9-40F6-B1A9-BFDE1E0521C1}.Release|x86.Build.0 = Release|Win32
	EndGlobalSection
	GlobalSection(SolutionProperties) = preSolution
		HideSolutionNode = FALSE
	EndGlobalSection
	GlobalSection(ExtensibilityGlobals) = postSolution
		SolutionGuid = {D85A2F75-4B09-4E11-8646-2870F6D248BA}
	EndGlobalSection
EndGlobal
